uuid: 3cdd3b8a-e99d-453d-9506-11b8c3c8bc0b
langcode: ru
status: true
dependencies:
  config:
    - views.view.catalog
  module:
    - system
    - views
  theme:
    - adaptive
_core:
  default_config_hash: HhL0hiloudX_A81hq0iw0ACu0nKfmGacKqn5NJwI-Ts
id: views_block__catalog_block
theme: adaptive
region: content
weight: -6
provider: null
plugin: 'views_block:catalog-block'
settings:
  id: 'views_block:catalog-block'
  label: ''
  label_display: '0'
  provider: views
  context_mapping: {  }
  views_label: ''
  items_per_page: none
visibility:
  request_path:
    id: request_path
    negate: false
    context_mapping: {  }
    pages: '/taxonomy/term*'
