uuid: 31b51f34-2103-475f-a66d-6dfdce891733
langcode: ru
status: true
dependencies:
  config:
    - views.view.product
  module:
    - system
    - views
  theme:
    - adaptive
_core:
  default_config_hash: zJygYTFsMcqBYkygbSOchb_ZjQ05Ya23pARv4Oqr0gE
id: views_block__product_block
theme: adaptive
region: content
weight: 10
provider: null
plugin: 'views_block:product-block'
settings:
  id: 'views_block:product-block'
  label: ''
  label_display: '0'
  provider: views
  context_mapping: {  }
  views_label: ''
  items_per_page: none
visibility:
  request_path:
    id: request_path
    negate: false
    context_mapping: {  }
    pages: '/product/*'
